
Microsoft Visual Studio Solution File, Format Version 12.00
# Visual Studio Version 16
VisualStudioVersion = 16.0.30114.105
MinimumVisualStudioVersion = 10.0.40219.1
Project("{FAE04EC0-301F-11D3-BF4B-00C04F79EFBC}") = "DemoNetMVC", "DemoNetMVC\DemoNetMVC.csproj", "{D9E6FA56-810C-468A-8317-06329F85F017}"
EndProject
Global
	GlobalSection(SolutionConfigurationPlatforms) = preSolution
		Debug|Any CPU = Debug|Any CPU
		Release|Any CPU = Release|Any CPU
	EndGlobalSection
	GlobalSection(ProjectConfigurationPlatforms) = postSolution
		{D9E6FA56-810C-468A-8317-06329F85F017}.Debug|Any CPU.ActiveCfg = Debug|Any CPU
		{D9E6FA56-810C-468A-8317-06329F85F017}.Debug|Any CPU.Build.0 = Debug|Any CPU
		{D9E6FA56-810C-468A-8317-06329F85F017}.Release|Any CPU.ActiveCfg = Release|Any CPU
		{D9E6FA56-810C-468A-8317-06329F85F017}.Release|Any CPU.Build.0 = Release|Any CPU
	EndGlobalSection
	GlobalSection(SolutionProperties) = preSolution
		HideSolutionNode = FALSE
	EndGlobalSection
	GlobalSection(ExtensibilityGlobals) = postSolution
		SolutionGuid = {3B1670C7-C8DD-42B0-A25D-CD98858CA4A3}
	EndGlobalSection
EndGlobal
